
Microsoft Visual Studio Solution File, Format Version 12.00
# Visual Studio Version 17
VisualStudioVersion = 17.1.32210.238
MinimumVisualStudioVersion = 10.0.40219.1
Project("{8BC9CEB8-8B4A-11D0-8D11-00A0C91BC942}") = "Задание2", "Задание2\Задание2.vcxproj", "{51A292E3-DCB4-4C95-B349-34C099034A83}"
EndProject
Global
	GlobalSection(SolutionConfigurationPlatforms) = preSolution
		Debug|x64 = Debug|x64
		Debug|x86 = Debug|x86
		Release|x64 = Release|x64
		Release|x86 = Release|x86
	EndGlobalSection
	GlobalSection(ProjectConfigurationPlatforms) = postSolution
		{51A292E3-DCB4-4C95-B349-34C099034A83}.Debug|x64.ActiveCfg = Debug|x64
		{51A292E3-DCB4-4C95-B349-34C099034A83}.Debug|x64.Build.0 = Debug|x64
		{51A292E3-DCB4-4C95-B349-34C099034A83}.Debug|x86.ActiveCfg = Debug|Win32
		{51A292E3-DCB4-4C95-B349-34C099034A83}.Debug|x86.Build.0 = Debug|Win32
		{51A292E3-DCB4-4C95-B349-34C099034A83}.Release|x64.ActiveCfg = Release|x64
		{51A292E3-DCB4-4C95-B349-34C099034A83}.Release|x64.Build.0 = Release|x64
		{51A292E3-DCB4-4C95-B349-34C099034A83}.Release|x86.ActiveCfg = Release|Win32
		{51A292E3-DCB4-4C95-B349-34C099034A83}.Release|x86.Build.0 = Release|Win32
	EndGlobalSection
	GlobalSection(SolutionProperties) = preSolution
		HideSolutionNode = FALSE
	EndGlobalSection
	GlobalSection(ExtensibilityGlobals) = postSolution
		SolutionGuid = {CBFAD293-8A94-4BEF-9EB2-AAA1B17C7C65}
	EndGlobalSection
EndGlobal
